// !$*UTF8*$!
{
	archiveVersion = 1;
	classes = {
	};
	objectVersion = 77;
	objects = {

/* Begin PBXBuildFile section */
		C2517AB62D272E150048E9DB /* FirebaseAnalytics in Frameworks */ = {isa = PBXBuildFile; productRef = C2517AB52D272E150048E9DB /* FirebaseAnalytics */; };
		C2517AB82D272E150048E9DB /* FirebaseAnalyticsOnDeviceConversion in Frameworks */ = {isa = PBXBuildFile; productRef = C2517AB72D272E150048E9DB /* FirebaseAnalyticsOnDeviceConversion */; };
		C2517ABA2D272E150048E9DB /* FirebaseAnalyticsWithoutAdIdSupport in Frameworks */ = {isa = PBXBuildFile; productRef = C2517AB92D272E150048E9DB /* FirebaseAnalyticsWithoutAdIdSupport */; };
		C2517ABC2D272E150048E9DB /* FirebaseAppCheck in Frameworks */ = {isa = PBXBuildFile; productRef = C2517ABB2D272E150048E9DB /* FirebaseAppCheck */; };
		C2517ABE2D272E150048E9DB /* FirebaseAppDistribution-Beta in Frameworks */ = {isa = PBXBuildFile; productRef = C2517ABD2D272E150048E9DB /* FirebaseAppDistribution-Beta */; };
		C2517AC02D272E150048E9DB /* FirebaseAuth in Frameworks */ = {isa = PBXBuildFile; productRef = C2517ABF2D272E150048E9DB /* FirebaseAuth */; };
		C2517AC22D272E150048E9DB /* FirebaseAuthCombine-Community in Frameworks */ = {isa = PBXBuildFile; productRef = C2517AC12D272E150048E9DB /* FirebaseAuthCombine-Community */; };
		C2517AC42D272E150048E9DB /* FirebaseCore in Frameworks */ = {isa = PBXBuildFile; productRef = C2517AC32D272E150048E9DB /* FirebaseCore */; };
		C2517AC62D272E150048E9DB /* FirebaseCrashlytics in Frameworks */ = {isa = PBXBuildFile; productRef = C2517AC52D272E150048E9DB /* FirebaseCrashlytics */; };
		C2517AC82D272E150048E9DB /* FirebaseDatabase in Frameworks */ = {isa = PBXBuildFile; productRef = C2517AC72D272E150048E9DB /* FirebaseDatabase */; };
		C2517ACA2D272E150048E9DB /* FirebaseDynamicLinks in Frameworks */ = {isa = PBXBuildFile; productRef = C2517AC92D272E150048E9DB /* FirebaseDynamicLinks */; };
		C2517ACC2D272E150048E9DB /* FirebaseFirestore in Frameworks */ = {isa = PBXBuildFile; productRef = C2517ACB2D272E150048E9DB /* FirebaseFirestore */; };
		C2517ACE2D272E150048E9DB /* FirebaseFirestoreCombine-Community in Frameworks */ = {isa = PBXBuildFile; productRef = C2517ACD2D272E150048E9DB /* FirebaseFirestoreCombine-Community */; };
		C2517AD02D272E150048E9DB /* FirebaseFunctions in Frameworks */ = {isa = PBXBuildFile; productRef = C2517ACF2D272E150048E9DB /* FirebaseFunctions */; };
		C2517AD22D272E150048E9DB /* FirebaseFunctionsCombine-Community in Frameworks */ = {isa = PBXBuildFile; productRef = C2517AD12D272E150048E9DB /* FirebaseFunctionsCombine-Community */; };
		C2517AD42D272E150048E9DB /* FirebaseInAppMessaging-Beta in Frameworks */ = {isa = PBXBuildFile; productRef = C2517AD32D272E150048E9DB /* FirebaseInAppMessaging-Beta */; };
		C2517AD62D272E150048E9DB /* FirebaseInstallations in Frameworks */ = {isa = PBXBuildFile; productRef = C2517AD52D272E150048E9DB /* FirebaseInstallations */; };
		C2517AD82D272E150048E9DB /* FirebaseMLModelDownloader in Frameworks */ = {isa = PBXBuildFile; productRef = C2517AD72D272E150048E9DB /* FirebaseMLModelDownloader */; };
		C2517ADA2D272E150048E9DB /* FirebaseMessaging in Frameworks */ = {isa = PBXBuildFile; productRef = C2517AD92D272E150048E9DB /* FirebaseMessaging */; };
		C2517ADC2D272E150048E9DB /* FirebasePerformance in Frameworks */ = {isa = PBXBuildFile; productRef = C2517ADB2D272E150048E9DB /* FirebasePerformance */; };
		C2517ADE2D272E150048E9DB /* FirebaseRemoteConfig in Frameworks */ = {isa = PBXBuildFile; productRef = C2517ADD2D272E150048E9DB /* FirebaseRemoteConfig */; };
		C2517AE02D272E150048E9DB /* FirebaseStorage in Frameworks */ = {isa = PBXBuildFile; productRef = C2517ADF2D272E150048E9DB /* FirebaseStorage */; };
		C2517AE22D272E150048E9DB /* FirebaseStorageCombine-Community in Frameworks */ = {isa = PBXBuildFile; productRef = C2517AE12D272E150048E9DB /* FirebaseStorageCombine-Community */; };
		C2517AE42D272E150048E9DB /* FirebaseVertexAI in Frameworks */ = {isa = PBXBuildFile; productRef = C2517AE32D272E150048E9DB /* FirebaseVertexAI */; };
/* End PBXBuildFile section */

/* Begin PBXFileReference section */
		C22C15752D17516600627252 /* InstagramClone.app */ = {isa = PBXFileReference; explicitFileType = wrapper.application; includeInIndex = 0; path = InstagramClone.app; sourceTree = BUILT_PRODUCTS_DIR; };
/* End PBXFileReference section */

/* Begin PBXFileSystemSynchronizedRootGroup section */
		C22C15772D17516600627252 /* InstagramClone */ = {
			isa = PBXFileSystemSynchronizedRootGroup;
			path = InstagramClone;
			sourceTree = "<group>";
		};
/* End PBXFileSystemSynchronizedRootGroup section */

/* Begin PBXFrameworksBuildPhase section */
		C22C15722D17516600627252 /* Frameworks */ = {
			isa = PBXFrameworksBuildPhase;
			buildActionMask = 2147483647;
			files = (
				C2517ACE2D272E150048E9DB /* FirebaseFirestoreCombine-Community in Frameworks */,
				C2517AE42D272E150048E9DB /* FirebaseVertexAI in Frameworks */,
				C2517AD02D272E150048E9DB /* FirebaseFunctions in Frameworks */,
				C2517ADC2D272E150048E9DB /* FirebasePerformance in Frameworks */,
				C2517AE22D272E150048E9DB /* FirebaseStorageCombine-Community in Frameworks */,
				C2517ADE2D272E150048E9DB /* FirebaseRemoteConfig in Frameworks */,
				C2517AC82D272E150048E9DB /* FirebaseDatabase in Frameworks */,
				C2517ACA2D272E150048E9DB /* FirebaseDynamicLinks in Frameworks */,
				C2517ABC2D272E150048E9DB /* FirebaseAppCheck in Frameworks */,
				C2517AC02D272E150048E9DB /* FirebaseAuth in Frameworks */,
				C2517AB62D272E150048E9DB /* FirebaseAnalytics in Frameworks */,
				C2517ACC2D272E150048E9DB /* FirebaseFirestore in Frameworks */,
				C2517ADA2D272E150048E9DB /* FirebaseMessaging in Frameworks */,
				C2517AD62D272E150048E9DB /* FirebaseInstallations in Frameworks */,
				C2517AD22D272E150048E9DB /* FirebaseFunctionsCombine-Community in Frameworks */,
				C2517ABE2D272E150048E9DB /* FirebaseAppDistribution-Beta in Frameworks */,
				C2517ABA2D272E150048E9DB /* FirebaseAnalyticsWithoutAdIdSupport in Frameworks */,
				C2517AD42D272E150048E9DB /* FirebaseInAppMessaging-Beta in Frameworks */,
				C2517AC22D272E150048E9DB /* FirebaseAuthCombine-Community in Frameworks */,
				C2517AC62D272E150048E9DB /* FirebaseCrashlytics in Frameworks */,
				C2517AD82D272E150048E9DB /* FirebaseMLModelDownloader in Frameworks */,
				C2517AE02D272E150048E9DB /* FirebaseStorage in Frameworks */,
				C2517AC42D272E150048E9DB /* FirebaseCore in Frameworks */,
				C2517AB82D272E150048E9DB /* FirebaseAnalyticsOnDeviceConversion in Frameworks */,
			);
			runOnlyForDeploymentPostprocessing = 0;
		};
/* End PBXFrameworksBuildPhase section */

/* Begin PBXGroup section */
		C22C156C2D17516600627252 = {
			isa = PBXGroup;
			children = (
				C22C15772D17516600627252 /* InstagramClone */,
				C22C15762D17516600627252 /* Products */,
			);
			sourceTree = "<group>";
		};
		C22C15762D17516600627252 /* Products */ = {
			isa = PBXGroup;
			children = (
				C22C15752D17516600627252 /* InstagramClone.app */,
			);
			name = Products;
			sourceTree = "<group>";
		};
/* End PBXGroup section */

/* Begin PBXNativeTarget section */
		C22C15742D17516600627252 /* InstagramClone */ = {
			isa = PBXNativeTarget;
			buildConfigurationList = C22C15832D17516700627252 /* Build configuration list for PBXNativeTarget "InstagramClone" */;
			buildPhases = (
				C22C15712D17516600627252 /* Sources */,
				C22C15722D17516600627252 /* Frameworks */,
				C22C15732D17516600627252 /* Resources */,
			);
			buildRules = (
			);
			dependencies = (
			);
			fileSystemSynchronizedGroups = (
				C22C15772D17516600627252 /* InstagramClone */,
			);
			name = InstagramClone;
			packageProductDependencies = (
				C2517AB52D272E150048E9DB /* FirebaseAnalytics */,
				C2517AB72D272E150048E9DB /* FirebaseAnalyticsOnDeviceConversion */,
				C2517AB92D272E150048E9DB /* FirebaseAnalyticsWithoutAdIdSupport */,
				C2517ABB2D272E150048E9DB /* FirebaseAppCheck */,
				C2517ABD2D272E150048E9DB /* FirebaseAppDistribution-Beta */,
				C2517ABF2D272E150048E9DB /* FirebaseAuth */,
				C2517AC12D272E150048E9DB /* FirebaseAuthCombine-Community */,
				C2517AC32D272E150048E9DB /* FirebaseCore */,
				C2517AC52D272E150048E9DB /* FirebaseCrashlytics */,
				C2517AC72D272E150048E9DB /* FirebaseDatabase */,
				C2517AC92D272E150048E9DB /* FirebaseDynamicLinks */,
				C2517ACB2D272E150048E9DB /* FirebaseFirestore */,
				C2517ACD2D272E150048E9DB /* FirebaseFirestoreCombine-Community */,
				C2517ACF2D272E150048E9DB /* FirebaseFunctions */,
				C2517AD12D272E150048E9DB /* FirebaseFunctionsCombine-Community */,
				C2517AD32D272E150048E9DB /* FirebaseInAppMessaging-Beta */,
				C2517AD52D272E150048E9DB /* FirebaseInstallations */,
				C2517AD72D272E150048E9DB /* FirebaseMLModelDownloader */,
				C2517AD92D272E150048E9DB /* FirebaseMessaging */,
				C2517ADB2D272E150048E9DB /* FirebasePerformance */,
				C2517ADD2D272E150048E9DB /* FirebaseRemoteConfig */,
				C2517ADF2D272E150048E9DB /* FirebaseStorage */,
				C2517AE12D272E150048E9DB /* FirebaseStorageCombine-Community */,
				C2517AE32D272E150048E9DB /* FirebaseVertexAI */,
			);
			productName = InstagramClone;
			productReference = C22C15752D17516600627252 /* InstagramClone.app */;
			productType = "com.apple.product-type.application";
		};
/* End PBXNativeTarget section */

/* Begin PBXProject section */
		C22C156D2D17516600627252 /* Project object */ = {
			isa = PBXProject;
			attributes = {
				BuildIndependentTargetsInParallel = 1;
				LastSwiftUpdateCheck = 1600;
				LastUpgradeCheck = 1600;
				TargetAttributes = {
					C22C15742D17516600627252 = {
						CreatedOnToolsVersion = 16.0;
					};
				};
			};
			buildConfigurationList = C22C15702D17516600627252 /* Build configuration list for PBXProject "InstagramClone" */;
			developmentRegion = en;
			hasScannedForEncodings = 0;
			knownRegions = (
				en,
				Base,
			);
			mainGroup = C22C156C2D17516600627252;
			minimizedProjectReferenceProxies = 1;
			packageReferences = (
				C2517AB42D272D670048E9DB /* XCRemoteSwiftPackageReference "firebase-ios-sdk" */,
			);
			preferredProjectObjectVersion = 77;
			productRefGroup = C22C15762D17516600627252 /* Products */;
			projectDirPath = "";
			projectRoot = "";
			targets = (
				C22C15742D17516600627252 /* InstagramClone */,
			);
		};
/* End PBXProject section */

/* Begin PBXResourcesBuildPhase section */
		C22C15732D17516600627252 /* Resources */ = {
			isa = PBXResourcesBuildPhase;
			buildActionMask = 2147483647;
			files = (
			);
			runOnlyForDeploymentPostprocessing = 0;
		};
/* End PBXResourcesBuildPhase section */

/* Begin PBXSourcesBuildPhase section */
		C22C15712D17516600627252 /* Sources */ = {
			isa = PBXSourcesBuildPhase;
			buildActionMask = 2147483647;
			files = (
			);
			runOnlyForDeploymentPostprocessing = 0;
		};
/* End PBXSourcesBuildPhase section */

/* Begin XCBuildConfiguration section */
		C22C15812D17516700627252 /* Debug */ = {
			isa = XCBuildConfiguration;
			buildSettings = {
				ALWAYS_SEARCH_USER_PATHS = NO;
				ASSETCATALOG_COMPILER_GENERATE_SWIFT_ASSET_SYMBOL_EXTENSIONS = YES;
				CLANG_ANALYZER_NONNULL = YES;
				CLANG_ANALYZER_NUMBER_OBJECT_CONVERSION = YES_AGGRESSIVE;
				CLANG_CXX_LANGUAGE_STANDARD = "gnu++20";
				CLANG_ENABLE_MODULES = YES;
				CLANG_ENABLE_OBJC_ARC = YES;
				CLANG_ENABLE_OBJC_WEAK = YES;
				CLANG_WARN_BLOCK_CAPTURE_AUTORELEASING = YES;
				CLANG_WARN_BOOL_CONVERSION = YES;
				CLANG_WARN_COMMA = YES;
				CLANG_WARN_CONSTANT_CONVERSION = YES;
				CLANG_WARN_DEPRECATED_OBJC_IMPLEMENTATIONS = YES;
				CLANG_WARN_DIRECT_OBJC_ISA_USAGE = YES_ERROR;
				CLANG_WARN_DOCUMENTATION_COMMENTS = YES;
				CLANG_WARN_EMPTY_BODY = YES;
				CLANG_WARN_ENUM_CONVERSION = YES;
				CLANG_WARN_INFINITE_RECURSION = YES;
				CLANG_WARN_INT_CONVERSION = YES;
				CLANG_WARN_NON_LITERAL_NULL_CONVERSION = YES;
				CLANG_WARN_OBJC_IMPLICIT_RETAIN_SELF = YES;
				CLANG_WARN_OBJC_LITERAL_CONVERSION = YES;
				CLANG_WARN_OBJC_ROOT_CLASS = YES_ERROR;
				CLANG_WARN_QUOTED_INCLUDE_IN_FRAMEWORK_HEADER = YES;
				CLANG_WARN_RANGE_LOOP_ANALYSIS = YES;
				CLANG_WARN_STRICT_PROTOTYPES = YES;
				CLANG_WARN_SUSPICIOUS_MOVE = YES;
				CLANG_WARN_UNGUARDED_AVAILABILITY = YES_AGGRESSIVE;
				CLANG_WARN_UNREACHABLE_CODE = YES;
				CLANG_WARN__DUPLICATE_METHOD_MATCH = YES;
				COPY_PHASE_STRIP = NO;
				DEBUG_INFORMATION_FORMAT = dwarf;
				ENABLE_STRICT_OBJC_MSGSEND = YES;
				ENABLE_TESTABILITY = YES;
				ENABLE_USER_SCRIPT_SANDBOXING = YES;
				GCC_C_LANGUAGE_STANDARD = gnu17;
				GCC_DYNAMIC_NO_PIC = NO;
				GCC_NO_COMMON_BLOCKS = YES;
				GCC_OPTIMIZATION_LEVEL = 0;
				GCC_PREPROCESSOR_DEFINITIONS = (
					"DEBUG=1",
					"$(inherited)",
				);
				GCC_WARN_64_TO_32_BIT_CONVERSION = YES;
				GCC_WARN_ABOUT_RETURN_TYPE = YES_ERROR;
				GCC_WARN_UNDECLARED_SELECTOR = YES;
				GCC_WARN_UNINITIALIZED_AUTOS = YES_AGGRESSIVE;
				GCC_WARN_UNUSED_FUNCTION = YES;
				GCC_WARN_UNUSED_VARIABLE = YES;
				IPHONEOS_DEPLOYMENT_TARGET = 18.0;
				LOCALIZATION_PREFERS_STRING_CATALOGS = YES;
				MTL_ENABLE_DEBUG_INFO = INCLUDE_SOURCE;
				MTL_FAST_MATH = YES;
				ONLY_ACTIVE_ARCH = YES;
				SDKROOT = iphoneos;
				SWIFT_ACTIVE_COMPILATION_CONDITIONS = "DEBUG $(inherited)";
				SWIFT_OPTIMIZATION_LEVEL = "-Onone";
			};
			name = Debug;
		};
		C22C15822D17516700627252 /* Release */ = {
			isa = XCBuildConfiguration;
			buildSettings = {
				ALWAYS_SEARCH_USER_PATHS = NO;
				ASSETCATALOG_COMPILER_GENERATE_SWIFT_ASSET_SYMBOL_EXTENSIONS = YES;
				CLANG_ANALYZER_NONNULL = YES;
				CLANG_ANALYZER_NUMBER_OBJECT_CONVERSION = YES_AGGRESSIVE;
				CLANG_CXX_LANGUAGE_STANDARD = "gnu++20";
				CLANG_ENABLE_MODULES = YES;
				CLANG_ENABLE_OBJC_ARC = YES;
				CLANG_ENABLE_OBJC_WEAK = YES;
				CLANG_WARN_BLOCK_CAPTURE_AUTORELEASING = YES;
				CLANG_WARN_BOOL_CONVERSION = YES;
				CLANG_WARN_COMMA = YES;
				CLANG_WARN_CONSTANT_CONVERSION = YES;
				CLANG_WARN_DEPRECATED_OBJC_IMPLEMENTATIONS = YES;
				CLANG_WARN_DIRECT_OBJC_ISA_USAGE = YES_ERROR;
				CLANG_WARN_DOCUMENTATION_COMMENTS = YES;
				CLANG_WARN_EMPTY_BODY = YES;
				CLANG_WARN_ENUM_CONVERSION = YES;
				CLANG_WARN_INFINITE_RECURSION = YES;
				CLANG_WARN_INT_CONVERSION = YES;
				CLANG_WARN_NON_LITERAL_NULL_CONVERSION = YES;
				CLANG_WARN_OBJC_IMPLICIT_RETAIN_SELF = YES;
				CLANG_WARN_OBJC_LITERAL_CONVERSION = YES;
				CLANG_WARN_OBJC_ROOT_CLASS = YES_ERROR;
				CLANG_WARN_QUOTED_INCLUDE_IN_FRAMEWORK_HEADER = YES;
				CLANG_WARN_RANGE_LOOP_ANALYSIS = YES;
				CLANG_WARN_STRICT_PROTOTYPES = YES;
				CLANG_WARN_SUSPICIOUS_MOVE = YES;
				CLANG_WARN_UNGUARDED_AVAILABILITY = YES_AGGRESSIVE;
				CLANG_WARN_UNREACHABLE_CODE = YES;
				CLANG_WARN__DUPLICATE_METHOD_MATCH = YES;
				COPY_PHASE_STRIP = NO;
				DEBUG_INFORMATION_FORMAT = "dwarf-with-dsym";
				ENABLE_NS_ASSERTIONS = NO;
				ENABLE_STRICT_OBJC_MSGSEND = YES;
				ENABLE_USER_SCRIPT_SANDBOXING = YES;
				GCC_C_LANGUAGE_STANDARD = gnu17;
				GCC_NO_COMMON_BLOCKS = YES;
				GCC_WARN_64_TO_32_BIT_CONVERSION = YES;
				GCC_WARN_ABOUT_RETURN_TYPE = YES_ERROR;
				GCC_WARN_UNDECLARED_SELECTOR = YES;
				GCC_WARN_UNINITIALIZED_AUTOS = YES_AGGRESSIVE;
				GCC_WARN_UNUSED_FUNCTION = YES;
				GCC_WARN_UNUSED_VARIABLE = YES;
				IPHONEOS_DEPLOYMENT_TARGET = 18.0;
				LOCALIZATION_PREFERS_STRING_CATALOGS = YES;
				MTL_ENABLE_DEBUG_INFO = NO;
				MTL_FAST_MATH = YES;
				SDKROOT = iphoneos;
				SWIFT_COMPILATION_MODE = wholemodule;
				VALIDATE_PRODUCT = YES;
			};
			name = Release;
		};
		C22C15842D17516700627252 /* Debug */ = {
			isa = XCBuildConfiguration;
			buildSettings = {
				ASSETCATALOG_COMPILER_APPICON_NAME = AppIcon;
				ASSETCATALOG_COMPILER_GLOBAL_ACCENT_COLOR_NAME = AccentColor;
				CODE_SIGN_STYLE = Automatic;
				CURRENT_PROJECT_VERSION = 1;
				DEVELOPMENT_ASSET_PATHS = "\"InstagramClone/Preview Content\"";
				DEVELOPMENT_TEAM = 9DXP3CGV77;
				ENABLE_PREVIEWS = YES;
				GENERATE_INFOPLIST_FILE = YES;
				INFOPLIST_KEY_UIApplicationSceneManifest_Generation = YES;
				INFOPLIST_KEY_UIApplicationSupportsIndirectInputEvents = YES;
				INFOPLIST_KEY_UILaunchScreen_Generation = YES;
				INFOPLIST_KEY_UISupportedInterfaceOrientations_iPad = "UIInterfaceOrientationPortrait UIInterfaceOrientationPortraitUpsideDown UIInterfaceOrientationLandscapeLeft UIInterfaceOrientationLandscapeRight";
				INFOPLIST_KEY_UISupportedInterfaceOrientations_iPhone = "UIInterfaceOrientationPortrait UIInterfaceOrientationLandscapeLeft UIInterfaceOrientationLandscapeRight";
				LD_RUNPATH_SEARCH_PATHS = (
					"$(inherited)",
					"@executable_path/Frameworks",
				);
				MARKETING_VERSION = 1.0;
				PRODUCT_BUNDLE_IDENTIFIER = com.adamsmith.InstagramClone;
				PRODUCT_NAME = "$(TARGET_NAME)";
				SWIFT_EMIT_LOC_STRINGS = YES;
				SWIFT_VERSION = 5.0;
				TARGETED_DEVICE_FAMILY = "1,2";
			};
			name = Debug;
		};
		C22C15852D17516700627252 /* Release */ = {
			isa = XCBuildConfiguration;
			buildSettings = {
				ASSETCATALOG_COMPILER_APPICON_NAME = AppIcon;
				ASSETCATALOG_COMPILER_GLOBAL_ACCENT_COLOR_NAME = AccentColor;
				CODE_SIGN_STYLE = Automatic;
				CURRENT_PROJECT_VERSION = 1;
				DEVELOPMENT_ASSET_PATHS = "\"InstagramClone/Preview Content\"";
				DEVELOPMENT_TEAM = 9DXP3CGV77;
				ENABLE_PREVIEWS = YES;
				GENERATE_INFOPLIST_FILE = YES;
				INFOPLIST_KEY_UIApplicationSceneManifest_Generation = YES;
				INFOPLIST_KEY_UIApplicationSupportsIndirectInputEvents = YES;
				INFOPLIST_KEY_UILaunchScreen_Generation = YES;
				INFOPLIST_KEY_UISupportedInterfaceOrientations_iPad = "UIInterfaceOrientationPortrait UIInterfaceOrientationPortraitUpsideDown UIInterfaceOrientationLandscapeLeft UIInterfaceOrientationLandscapeRight";
				INFOPLIST_KEY_UISupportedInterfaceOrientations_iPhone = "UIInterfaceOrientationPortrait UIInterfaceOrientationLandscapeLeft UIInterfaceOrientationLandscapeRight";
				LD_RUNPATH_SEARCH_PATHS = (
					"$(inherited)",
					"@executable_path/Frameworks",
				);
				MARKETING_VERSION = 1.0;
				PRODUCT_BUNDLE_IDENTIFIER = com.adamsmith.InstagramClone;
				PRODUCT_NAME = "$(TARGET_NAME)";
				SWIFT_EMIT_LOC_STRINGS = YES;
				SWIFT_VERSION = 5.0;
				TARGETED_DEVICE_FAMILY = "1,2";
			};
			name = Release;
		};
/* End XCBuildConfiguration section */

/* Begin XCConfigurationList section */
		C22C15702D17516600627252 /* Build configuration list for PBXProject "InstagramClone" */ = {
			isa = XCConfigurationList;
			buildConfigurations = (
				C22C15812D17516700627252 /* Debug */,
				C22C15822D17516700627252 /* Release */,
			);
			defaultConfigurationIsVisible = 0;
			defaultConfigurationName = Release;
		};
		C22C15832D17516700627252 /* Build configuration list for PBXNativeTarget "InstagramClone" */ = {
			isa = XCConfigurationList;
			buildConfigurations = (
				C22C15842D17516700627252 /* Debug */,
				C22C15852D17516700627252 /* Release */,
			);
			defaultConfigurationIsVisible = 0;
			defaultConfigurationName = Release;
		};
/* End XCConfigurationList section */

/* Begin XCRemoteSwiftPackageReference section */
		C2517AB42D272D670048E9DB /* XCRemoteSwiftPackageReference "firebase-ios-sdk" */ = {
			isa = XCRemoteSwiftPackageReference;
			repositoryURL = "https://github.com/firebase/firebase-ios-sdk";
			requirement = {
				kind = upToNextMajorVersion;
				minimumVersion = 11.6.0;
			};
		};
/* End XCRemoteSwiftPackageReference section */

/* Begin XCSwiftPackageProductDependency section */
		C2517AB52D272E150048E9DB /* FirebaseAnalytics */ = {
			isa = XCSwiftPackageProductDependency;
			package = C2517AB42D272D670048E9DB /* XCRemoteSwiftPackageReference "firebase-ios-sdk" */;
			productName = FirebaseAnalytics;
		};
		C2517AB72D272E150048E9DB /* FirebaseAnalyticsOnDeviceConversion */ = {
			isa = XCSwiftPackageProductDependency;
			package = C2517AB42D272D670048E9DB /* XCRemoteSwiftPackageReference "firebase-ios-sdk" */;
			productName = FirebaseAnalyticsOnDeviceConversion;
		};
		C2517AB92D272E150048E9DB /* FirebaseAnalyticsWithoutAdIdSupport */ = {
			isa = XCSwiftPackageProductDependency;
			package = C2517AB42D272D670048E9DB /* XCRemoteSwiftPackageReference "firebase-ios-sdk" */;
			productName = FirebaseAnalyticsWithoutAdIdSupport;
		};
		C2517ABB2D272E150048E9DB /* FirebaseAppCheck */ = {
			isa = XCSwiftPackageProductDependency;
			package = C2517AB42D272D670048E9DB /* XCRemoteSwiftPackageReference "firebase-ios-sdk" */;
			productName = FirebaseAppCheck;
		};
		C2517ABD2D272E150048E9DB /* FirebaseAppDistribution-Beta */ = {
			isa = XCSwiftPackageProductDependency;
			package = C2517AB42D272D670048E9DB /* XCRemoteSwiftPackageReference "firebase-ios-sdk" */;
			productName = "FirebaseAppDistribution-Beta";
		};
		C2517ABF2D272E150048E9DB /* FirebaseAuth */ = {
			isa = XCSwiftPackageProductDependency;
			package = C2517AB42D272D670048E9DB /* XCRemoteSwiftPackageReference "firebase-ios-sdk" */;
			productName = FirebaseAuth;
		};
		C2517AC12D272E150048E9DB /* FirebaseAuthCombine-Community */ = {
			isa = XCSwiftPackageProductDependency;
			package = C2517AB42D272D670048E9DB /* XCRemoteSwiftPackageReference "firebase-ios-sdk" */;
			productName = "FirebaseAuthCombine-Community";
		};
		C2517AC32D272E150048E9DB /* FirebaseCore */ = {
			isa = XCSwiftPackageProductDependency;
			package = C2517AB42D272D670048E9DB /* XCRemoteSwiftPackageReference "firebase-ios-sdk" */;
			productName = FirebaseCore;
		};
		C2517AC52D272E150048E9DB /* FirebaseCrashlytics */ = {
			isa = XCSwiftPackageProductDependency;
			package = C2517AB42D272D670048E9DB /* XCRemoteSwiftPackageReference "firebase-ios-sdk" */;
			productName = FirebaseCrashlytics;
		};
		C2517AC72D272E150048E9DB /* FirebaseDatabase */ = {
			isa = XCSwiftPackageProductDependency;
			package = C2517AB42D272D670048E9DB /* XCRemoteSwiftPackageReference "firebase-ios-sdk" */;
			productName = FirebaseDatabase;
		};
		C2517AC92D272E150048E9DB /* FirebaseDynamicLinks */ = {
			isa = XCSwiftPackageProductDependency;
			package = C2517AB42D272D670048E9DB /* XCRemoteSwiftPackageReference "firebase-ios-sdk" */;
			productName = FirebaseDynamicLinks;
		};
		C2517ACB2D272E150048E9DB /* FirebaseFirestore */ = {
			isa = XCSwiftPackageProductDependency;
			package = C2517AB42D272D670048E9DB /* XCRemoteSwiftPackageReference "firebase-ios-sdk" */;
			productName = FirebaseFirestore;
		};
		C2517ACD2D272E150048E9DB /* FirebaseFirestoreCombine-Community */ = {
			isa = XCSwiftPackageProductDependency;
			package = C2517AB42D272D670048E9DB /* XCRemoteSwiftPackageReference "firebase-ios-sdk" */;
			productName = "FirebaseFirestoreCombine-Community";
		};
		C2517ACF2D272E150048E9DB /* FirebaseFunctions */ = {
			isa = XCSwiftPackageProductDependency;
			package = C2517AB42D272D670048E9DB /* XCRemoteSwiftPackageReference "firebase-ios-sdk" */;
			productName = FirebaseFunctions;
		};
		C2517AD12D272E150048E9DB /* FirebaseFunctionsCombine-Community */ = {
			isa = XCSwiftPackageProductDependency;
			package = C2517AB42D272D670048E9DB /* XCRemoteSwiftPackageReference "firebase-ios-sdk" */;
			productName = "FirebaseFunctionsCombine-Community";
		};
		C2517AD32D272E150048E9DB /* FirebaseInAppMessaging-Beta */ = {
			isa = XCSwiftPackageProductDependency;
			package = C2517AB42D272D670048E9DB /* XCRemoteSwiftPackageReference "firebase-ios-sdk" */;
			productName = "FirebaseInAppMessaging-Beta";
		};
		C2517AD52D272E150048E9DB /* FirebaseInstallations */ = {
			isa = XCSwiftPackageProductDependency;
			package = C2517AB42D272D670048E9DB /* XCRemoteSwiftPackageReference "firebase-ios-sdk" */;
			productName = FirebaseInstallations;
		};
		C2517AD72D272E150048E9DB /* FirebaseMLModelDownloader */ = {
			isa = XCSwiftPackageProductDependency;
			package = C2517AB42D272D670048E9DB /* XCRemoteSwiftPackageReference "firebase-ios-sdk" */;
			productName = FirebaseMLModelDownloader;
		};
		C2517AD92D272E150048E9DB /* FirebaseMessaging */ = {
			isa = XCSwiftPackageProductDependency;
			package = C2517AB42D272D670048E9DB /* XCRemoteSwiftPackageReference "firebase-ios-sdk" */;
			productName = FirebaseMessaging;
		};
		C2517ADB2D272E150048E9DB /* FirebasePerformance */ = {
			isa = XCSwiftPackageProductDependency;
			package = C2517AB42D272D670048E9DB /* XCRemoteSwiftPackageReference "firebase-ios-sdk" */;
			productName = FirebasePerformance;
		};
		C2517ADD2D272E150048E9DB /* FirebaseRemoteConfig */ = {
			isa = XCSwiftPackageProductDependency;
			package = C2517AB42D272D670048E9DB /* XCRemoteSwiftPackageReference "firebase-ios-sdk" */;
			productName = FirebaseRemoteConfig;
		};
		C2517ADF2D272E150048E9DB /* FirebaseStorage */ = {
			isa = XCSwiftPackageProductDependency;
			package = C2517AB42D272D670048E9DB /* XCRemoteSwiftPackageReference "firebase-ios-sdk" */;
			productName = FirebaseStorage;
		};
		C2517AE12D272E150048E9DB /* FirebaseStorageCombine-Community */ = {
			isa = XCSwiftPackageProductDependency;
			package = C2517AB42D272D670048E9DB /* XCRemoteSwiftPackageReference "firebase-ios-sdk" */;
			productName = "FirebaseStorageCombine-Community";
		};
		C2517AE32D272E150048E9DB /* FirebaseVertexAI */ = {
			isa = XCSwiftPackageProductDependency;
			package = C2517AB42D272D670048E9DB /* XCRemoteSwiftPackageReference "firebase-ios-sdk" */;
			productName = FirebaseVertexAI;
		};
/* End XCSwiftPackageProductDependency section */
	};
	rootObject = C22C156D2D17516600627252 /* Project object */;
}
